<?xml version="1.0" encoding="utf-8"?>
<Project ToolsVersion="4.0" xmlns="http://schemas.microsoft.com/developer/msbuild/2003">
  <ItemGroup>
    <Filter Include="소스 파일">
      <UniqueIdentifier>{4FC737F1-C7A5-4376-A066-2A32D752A2FF}</UniqueIdentifier>
      <Extensions>cpp;c;cc;cxx;c++;cppm;ixx;def;odl;idl;hpj;bat;asm;asmx</Extensions>
    </Filter>
    <Filter Include="헤더 파일">
      <UniqueIdentifier>{93995380-89BD-4b04-88EB-625FBE52EBFB}</UniqueIdentifier>
      <Extensions>h;hh;hpp;hxx;h++;hm;inl;inc;ipp;xsd</Extensions>
    </Filter>
    <Filter Include="ServerCommon">
      <UniqueIdentifier>{b1ccd9c6-fa29-47e7-8d1d-0a0c99b63b39}</UniqueIdentifier>
    </Filter>
  </ItemGroup>
  <ItemGroup>
    <ClInclude Include="LanClient.h">
      <Filter>헤더 파일</Filter>
    </ClInclude>
    <ClInclude Include="LanClientSession.h">
      <Filter>헤더 파일</Filter>
    </ClInclude>
    <ClInclude Include="..\..\ServerCommon\ServerCommon\Assert.h">
      <Filter>ServerCommon</Filter>
    </ClInclude>
    <ClInclude Include="..\..\ServerCommon\ServerCommon\DataStructure\CAddressTranslator.h">
      <Filter>ServerCommon</Filter>
    </ClInclude>
    <ClInclude Include="..\..\ServerCommon\ServerCommon\DataStructure\CLinkedList.h">
      <Filter>ServerCommon</Filter>
    </ClInclude>
    <ClInclude Include="..\..\ServerCommon\ServerCommon\DataStructure\CLockFreeObjectPool.h">
      <Filter>ServerCommon</Filter>
    </ClInclude>
    <ClInclude Include="..\..\ServerCommon\ServerCommon\DataStructure\CLockFreeQueue.h">
      <Filter>ServerCommon</Filter>
    </ClInclude>
    <ClInclude Include="..\..\ServerCommon\ServerCommon\DataStructure\CLockFreeStack.h">
      <Filter>ServerCommon</Filter>
    </ClInclude>
    <ClInclude Include="..\..\ServerCommon\ServerCommon\DataStructure\CTlsObjectPool.h">
      <Filter>ServerCommon</Filter>
    </ClInclude>
    <ClInclude Include="..\..\ServerCommon\ServerCommon\Job\MyJob.h">
      <Filter>ServerCommon</Filter>
    </ClInclude>
    <ClInclude Include="..\..\ServerCommon\ServerCommon\Logger\Logger.h">
      <Filter>ServerCommon</Filter>
    </ClInclude>
    <ClInclude Include="..\..\ServerCommon\ServerCommon\Monitor\HMonitor.h">
      <Filter>ServerCommon</Filter>
    </ClInclude>
    <ClInclude Include="..\..\ServerCommon\ServerCommon\Monitor\Monitorable.h">
      <Filter>ServerCommon</Filter>
    </ClInclude>
    <ClInclude Include="..\..\ServerCommon\ServerCommon\MYOVERLAPPED.h">
      <Filter>ServerCommon</Filter>
    </ClInclude>
    <ClInclude Include="..\..\ServerCommon\ServerCommon\NetWork\Packet.h">
      <Filter>ServerCommon</Filter>
    </ClInclude>
    <ClInclude Include="..\..\ServerCommon\ServerCommon\NetWork\RingBuffer.h">
      <Filter>ServerCommon</Filter>
    </ClInclude>
    <ClInclude Include="..\..\ServerCommon\ServerCommon\Parser\Parser.h">
      <Filter>ServerCommon</Filter>
    </ClInclude>
    <ClInclude Include="..\..\ServerCommon\ServerCommon\UpdateAndTimer\Timer.h">
      <Filter>ServerCommon</Filter>
    </ClInclude>
    <ClInclude Include="..\..\ServerCommon\ServerCommon\UpdateAndTimer\UpdateBase.h">
      <Filter>ServerCommon</Filter>
    </ClInclude>
  </ItemGroup>
  <ItemGroup>
    <ClCompile Include="LanClient.cpp">
      <Filter>소스 파일</Filter>
    </ClCompile>
    <ClCompile Include="main.cpp">
      <Filter>소스 파일</Filter>
    </ClCompile>
    <ClCompile Include="..\..\ServerCommon\ServerCommon\DataStructure\CLinkedList.cpp">
      <Filter>ServerCommon</Filter>
    </ClCompile>
    <ClCompile Include="..\..\ServerCommon\ServerCommon\Monitor\HMonitor.cpp">
      <Filter>ServerCommon</Filter>
    </ClCompile>
    <ClCompile Include="..\..\ServerCommon\ServerCommon\NetWork\RingBuffer.cpp">
      <Filter>ServerCommon</Filter>
    </ClCompile>
    <ClCompile Include="..\..\ServerCommon\ServerCommon\UpdateAndTimer\Timer.cpp">
      <Filter>ServerCommon</Filter>
    </ClCompile>
    <ClCompile Include="..\..\ServerCommon\ServerCommon\UpdateAndTimer\UpdateBase.cpp">
      <Filter>ServerCommon</Filter>
    </ClCompile>
    <ClCompile Include="LanClientSession.cpp">
      <Filter>소스 파일</Filter>
    </ClCompile>
  </ItemGroup>
</Project>